// !$*UTF8*$!
{
	archiveVersion = 1;
	classes = {
	};
	objectVersion = 46;
	objects = {

/* Begin PBXBuildFile section */
		551ED70C130F209C00D19D11 /* SockDialog.h in Headers */ = {isa = PBXBuildFile; fileRef = 551ED70A130F209C00D19D11 /* SockDialog.h */; };
		551ED70D130F209C00D19D11 /* SockDialog.m in Sources */ = {isa = PBXBuildFile; fileRef = 551ED70B130F209C00D19D11 /* SockDialog.m */; };
		55278DBD12C813AC00288CD8 /* dfnet.c in Sources */ = {isa = PBXBuildFile; fileRef = 55278DBA12C813AC00288CD8 /* dfnet.c */; };
		55278DBE12C813AC00288CD8 /* dfnet.h in Headers */ = {isa = PBXBuildFile; fileRef = 55278DBB12C813AC00288CD8 /* dfnet.h */; };
		55278DC212C8141600288CD8 /* cfg.c in Sources */ = {isa = PBXBuildFile; fileRef = 55278DC112C8141600288CD8 /* cfg.c */; };
		55612EC912C965F500BD3D17 /* unix.c in Sources */ = {isa = PBXBuildFile; fileRef = 55278DBC12C813AC00288CD8 /* unix.c */; };
		558600731785139C00CB3D85 /* ARCBridge.h in Headers */ = {isa = PBXBuildFile; fileRef = 558600721785139C00CB3D85 /* ARCBridge.h */; };
		559DACB3146C64B800C5DF71 /* DFNet.xib in Resources */ = {isa = PBXBuildFile; fileRef = 559DACB1146C64B800C5DF71 /* DFNet.xib */; };
		559DACB8146C64D600C5DF71 /* SockDialog.xib in Resources */ = {isa = PBXBuildFile; fileRef = 559DACB6146C64D600C5DF71 /* SockDialog.xib */; };
		55F79D6C1475B252007C856E /* Localizable.strings in Resources */ = {isa = PBXBuildFile; fileRef = 55F79D6E1475B252007C856E /* Localizable.strings */; };
		71F3C32A11F3CD0B007B9F12 /* PluginConfigController.h in Headers */ = {isa = PBXBuildFile; fileRef = 71F3C32611F3CD0B007B9F12 /* PluginConfigController.h */; };
		71F3C32B11F3CD0B007B9F12 /* PluginConfigController.m in Sources */ = {isa = PBXBuildFile; fileRef = 71F3C32711F3CD0B007B9F12 /* PluginConfigController.m */; };
		71F3C38611F3CFED007B9F12 /* AppKit.framework in Frameworks */ = {isa = PBXBuildFile; fileRef = 71F3C38511F3CFED007B9F12 /* AppKit.framework */; };
		71F3C47A11F3D108007B9F12 /* Credits.rtf in Resources */ = {isa = PBXBuildFile; fileRef = 71F3C47811F3D108007B9F12 /* Credits.rtf */; };
		8D576314048677EA00EA77CD /* CoreFoundation.framework in Frameworks */ = {isa = PBXBuildFile; fileRef = 0AA1909FFE8422F4C02AAC07 /* CoreFoundation.framework */; };
		8D5B49A804867FD3000E48DA /* InfoPlist.strings in Resources */ = {isa = PBXBuildFile; fileRef = 8D5B49A704867FD3000E48DA /* InfoPlist.strings */; };
/* End PBXBuildFile section */

/* Begin PBXFileReference section */
		089C167EFE841241C02AAC07 /* English */ = {isa = PBXFileReference; fileEncoding = 10; lastKnownFileType = text.plist.strings; name = English; path = English.lproj/InfoPlist.strings; sourceTree = "<group>"; };
		0AA1909FFE8422F4C02AAC07 /* CoreFoundation.framework */ = {isa = PBXFileReference; lastKnownFileType = wrapper.framework; name = CoreFoundation.framework; path = /System/Library/Frameworks/CoreFoundation.framework; sourceTree = "<absolute>"; };
		551ED70A130F209C00D19D11 /* SockDialog.h */ = {isa = PBXFileReference; fileEncoding = 4; lastKnownFileType = sourcecode.c.h; path = SockDialog.h; sourceTree = "<group>"; };
		551ED70B130F209C00D19D11 /* SockDialog.m */ = {isa = PBXFileReference; fileEncoding = 4; lastKnownFileType = sourcecode.c.objc; path = SockDialog.m; sourceTree = "<group>"; };
		55278DBA12C813AC00288CD8 /* dfnet.c */ = {isa = PBXFileReference; fileEncoding = 4; lastKnownFileType = sourcecode.c.c; name = dfnet.c; path = ../../../plugins/dfnet/dfnet.c; sourceTree = SOURCE_ROOT; };
		55278DBB12C813AC00288CD8 /* dfnet.h */ = {isa = PBXFileReference; fileEncoding = 4; lastKnownFileType = sourcecode.c.h; name = dfnet.h; path = ../../../plugins/dfnet/dfnet.h; sourceTree = SOURCE_ROOT; };
		55278DBC12C813AC00288CD8 /* unix.c */ = {isa = PBXFileReference; fileEncoding = 4; lastKnownFileType = sourcecode.c.c; lineEnding = 2; name = unix.c; path = ../../../plugins/dfnet/unix.c; sourceTree = SOURCE_ROOT; };
		55278DC112C8141600288CD8 /* cfg.c */ = {isa = PBXFileReference; fileEncoding = 4; lastKnownFileType = sourcecode.c.c; path = cfg.c; sourceTree = "<group>"; };
		558600721785139C00CB3D85 /* ARCBridge.h */ = {isa = PBXFileReference; fileEncoding = 4; lastKnownFileType = sourcecode.c.h; path = ARCBridge.h; sourceTree = "<group>"; };
		559DACB2146C64B800C5DF71 /* English */ = {isa = PBXFileReference; lastKnownFileType = file.xib; name = English; path = plugins/DFNet/English.lproj/DFNet.xib; sourceTree = "<group>"; };
		559DACB7146C64D600C5DF71 /* English */ = {isa = PBXFileReference; lastKnownFileType = file.xib; name = English; path = plugins/DFNet/English.lproj/SockDialog.xib; sourceTree = "<group>"; };
		55F79D6D1475B252007C856E /* English */ = {isa = PBXFileReference; lastKnownFileType = text.plist.strings; name = English; path = English.lproj/Localizable.strings; sourceTree = "<group>"; };
		71F3C32611F3CD0B007B9F12 /* PluginConfigController.h */ = {isa = PBXFileReference; fileEncoding = 0; lastKnownFileType = sourcecode.c.h; path = PluginConfigController.h; sourceTree = "<group>"; };
		71F3C32711F3CD0B007B9F12 /* PluginConfigController.m */ = {isa = PBXFileReference; fileEncoding = 0; lastKnownFileType = sourcecode.c.objc; path = PluginConfigController.m; sourceTree = "<group>"; };
		71F3C38511F3CFED007B9F12 /* AppKit.framework */ = {isa = PBXFileReference; lastKnownFileType = wrapper.framework; name = AppKit.framework; path = /System/Library/Frameworks/AppKit.framework; sourceTree = "<absolute>"; };
		71F3C38711F3CFF7007B9F12 /* Carbon.framework */ = {isa = PBXFileReference; lastKnownFileType = wrapper.framework; name = Carbon.framework; path = /System/Library/Frameworks/Carbon.framework; sourceTree = "<absolute>"; };
		71F3C47911F3D108007B9F12 /* English */ = {isa = PBXFileReference; lastKnownFileType = text.rtf; name = English; path = English.lproj/Credits.rtf; sourceTree = "<group>"; };
		8D576316048677EA00EA77CD /* DFNet.psxplugin */ = {isa = PBXFileReference; explicitFileType = wrapper.cfbundle; includeInIndex = 0; path = DFNet.psxplugin; sourceTree = BUILT_PRODUCTS_DIR; };
		8D576317048677EA00EA77CD /* Info.plist */ = {isa = PBXFileReference; fileEncoding = 4; lastKnownFileType = text.plist; path = Info.plist; sourceTree = "<group>"; };
/* End PBXFileReference section */

/* Begin PBXFrameworksBuildPhase section */
		8D576313048677EA00EA77CD /* Frameworks */ = {
			isa = PBXFrameworksBuildPhase;
			buildActionMask = 2147483647;
			files = (
				8D576314048677EA00EA77CD /* CoreFoundation.framework in Frameworks */,
				71F3C38611F3CFED007B9F12 /* AppKit.framework in Frameworks */,
			);
			runOnlyForDeploymentPostprocessing = 0;
		};
/* End PBXFrameworksBuildPhase section */

/* Begin PBXGroup section */
		089C166AFE841209C02AAC07 /* CdrDevMac */ = {
			isa = PBXGroup;
			children = (
				08FB77AFFE84173DC02AAC07 /* Source Files */,
				089C167CFE841241C02AAC07 /* Resources */,
				089C1671FE841209C02AAC07 /* External Frameworks and Libraries */,
				19C28FB6FE9D52B211CA2CBB /* Products */,
			);
			name = CdrDevMac;
			sourceTree = "<group>";
		};
		089C1671FE841209C02AAC07 /* External Frameworks and Libraries */ = {
			isa = PBXGroup;
			children = (
				71F3C38511F3CFED007B9F12 /* AppKit.framework */,
				71F3C38711F3CFF7007B9F12 /* Carbon.framework */,
				0AA1909FFE8422F4C02AAC07 /* CoreFoundation.framework */,
			);
			name = "External Frameworks and Libraries";
			sourceTree = "<group>";
		};
		089C167CFE841241C02AAC07 /* Resources */ = {
			isa = PBXGroup;
			children = (
				559DACB1146C64B800C5DF71 /* DFNet.xib */,
				71F3C47811F3D108007B9F12 /* Credits.rtf */,
				8D576317048677EA00EA77CD /* Info.plist */,
				8D5B49A704867FD3000E48DA /* InfoPlist.strings */,
				55F79D6E1475B252007C856E /* Localizable.strings */,
				559DACB6146C64D600C5DF71 /* SockDialog.xib */,
			);
			name = Resources;
			sourceTree = "<group>";
		};
		08FB77AFFE84173DC02AAC07 /* Source Files */ = {
			isa = PBXGroup;
			children = (
				71F3C32111F3CCEF007B9F12 /* macsrc */,
				71F3C30911F3CC22007B9F12 /* src */,
			);
			name = "Source Files";
			sourceTree = "<group>";
		};
		19C28FB6FE9D52B211CA2CBB /* Products */ = {
			isa = PBXGroup;
			children = (
				8D576316048677EA00EA77CD /* DFNet.psxplugin */,
			);
			name = Products;
			sourceTree = "<group>";
		};
		71F3C30911F3CC22007B9F12 /* src */ = {
			isa = PBXGroup;
			children = (
				55278DBA12C813AC00288CD8 /* dfnet.c */,
				55278DBB12C813AC00288CD8 /* dfnet.h */,
				55278DBC12C813AC00288CD8 /* unix.c */,
			);
			name = src;
			sourceTree = "<group>";
		};
		71F3C32111F3CCEF007B9F12 /* macsrc */ = {
			isa = PBXGroup;
			children = (
				558600721785139C00CB3D85 /* ARCBridge.h */,
				55278DC112C8141600288CD8 /* cfg.c */,
				71F3C32611F3CD0B007B9F12 /* PluginConfigController.h */,
				71F3C32711F3CD0B007B9F12 /* PluginConfigController.m */,
				551ED70A130F209C00D19D11 /* SockDialog.h */,
				551ED70B130F209C00D19D11 /* SockDialog.m */,
			);
			path = macsrc;
			sourceTree = "<group>";
		};
/* End PBXGroup section */

/* Begin PBXHeadersBuildPhase section */
		8D57630E048677EA00EA77CD /* Headers */ = {
			isa = PBXHeadersBuildPhase;
			buildActionMask = 2147483647;
			files = (
				71F3C32A11F3CD0B007B9F12 /* PluginConfigController.h in Headers */,
				55278DBE12C813AC00288CD8 /* dfnet.h in Headers */,
				551ED70C130F209C00D19D11 /* SockDialog.h in Headers */,
				558600731785139C00CB3D85 /* ARCBridge.h in Headers */,
			);
			runOnlyForDeploymentPostprocessing = 0;
		};
/* End PBXHeadersBuildPhase section */

/* Begin PBXNativeTarget section */
		8D57630D048677EA00EA77CD /* DFNet */ = {
			isa = PBXNativeTarget;
			buildConfigurationList = 710735990FDEED75004AD098 /* Build configuration list for PBXNativeTarget "DFNet" */;
			buildPhases = (
				8D57630E048677EA00EA77CD /* Headers */,
				8D57630F048677EA00EA77CD /* Resources */,
				8D576311048677EA00EA77CD /* Sources */,
				8D576313048677EA00EA77CD /* Frameworks */,
				8D576315048677EA00EA77CD /* Rez */,
			);
			buildRules = (
			);
			dependencies = (
			);
			name = DFNet;
			productInstallPath = "$(HOME)/Library/Bundles";
			productName = CdrDevMac;
			productReference = 8D576316048677EA00EA77CD /* DFNet.psxplugin */;
			productType = "com.apple.product-type.bundle";
		};
/* End PBXNativeTarget section */

/* Begin PBXProject section */
		089C1669FE841209C02AAC07 /* Project object */ = {
			isa = PBXProject;
			attributes = {
				LastUpgradeCheck = 0440;
			};
			buildConfigurationList = 7107359E0FDEED75004AD098 /* Build configuration list for PBXProject "DFNet" */;
			compatibilityVersion = "Xcode 3.2";
			developmentRegion = English;
			hasScannedForEncodings = 1;
			knownRegions = (
				English,
				Japanese,
				French,
				German,
			);
			mainGroup = 089C166AFE841209C02AAC07 /* CdrDevMac */;
			projectDirPath = "";
			projectRoot = "";
			targets = (
				8D57630D048677EA00EA77CD /* DFNet */,
			);
		};
/* End PBXProject section */

/* Begin PBXResourcesBuildPhase section */
		8D57630F048677EA00EA77CD /* Resources */ = {
			isa = PBXResourcesBuildPhase;
			buildActionMask = 2147483647;
			files = (
				8D5B49A804867FD3000E48DA /* InfoPlist.strings in Resources */,
				71F3C47A11F3D108007B9F12 /* Credits.rtf in Resources */,
				559DACB3146C64B800C5DF71 /* DFNet.xib in Resources */,
				559DACB8146C64D600C5DF71 /* SockDialog.xib in Resources */,
				55F79D6C1475B252007C856E /* Localizable.strings in Resources */,
			);
			runOnlyForDeploymentPostprocessing = 0;
		};
/* End PBXResourcesBuildPhase section */

/* Begin PBXRezBuildPhase section */
		8D576315048677EA00EA77CD /* Rez */ = {
			isa = PBXRezBuildPhase;
			buildActionMask = 2147483647;
			files = (
			);
			runOnlyForDeploymentPostprocessing = 0;
		};
/* End PBXRezBuildPhase section */

/* Begin PBXSourcesBuildPhase section */
		8D576311048677EA00EA77CD /* Sources */ = {
			isa = PBXSourcesBuildPhase;
			buildActionMask = 2147483647;
			files = (
				71F3C32B11F3CD0B007B9F12 /* PluginConfigController.m in Sources */,
				55278DBD12C813AC00288CD8 /* dfnet.c in Sources */,
				55278DC212C8141600288CD8 /* cfg.c in Sources */,
				55612EC912C965F500BD3D17 /* unix.c in Sources */,
				551ED70D130F209C00D19D11 /* SockDialog.m in Sources */,
			);
			runOnlyForDeploymentPostprocessing = 0;
		};
/* End PBXSourcesBuildPhase section */

/* Begin PBXVariantGroup section */
		559DACB1146C64B800C5DF71 /* DFNet.xib */ = {
			isa = PBXVariantGroup;
			children = (
				559DACB2146C64B800C5DF71 /* English */,
			);
			name = DFNet.xib;
			path = ../..;
			sourceTree = "<group>";
		};
		559DACB6146C64D600C5DF71 /* SockDialog.xib */ = {
			isa = PBXVariantGroup;
			children = (
				559DACB7146C64D600C5DF71 /* English */,
			);
			name = SockDialog.xib;
			path = ../..;
			sourceTree = "<group>";
		};
		55F79D6E1475B252007C856E /* Localizable.strings */ = {
			isa = PBXVariantGroup;
			children = (
				55F79D6D1475B252007C856E /* English */,
			);
			name = Localizable.strings;
			sourceTree = "<group>";
		};
		71F3C47811F3D108007B9F12 /* Credits.rtf */ = {
			isa = PBXVariantGroup;
			children = (
				71F3C47911F3D108007B9F12 /* English */,
			);
			name = Credits.rtf;
			sourceTree = "<group>";
		};
		8D5B49A704867FD3000E48DA /* InfoPlist.strings */ = {
			isa = PBXVariantGroup;
			children = (
				089C167EFE841241C02AAC07 /* English */,
			);
			name = InfoPlist.strings;
			sourceTree = "<group>";
		};
/* End PBXVariantGroup section */

/* Begin XCBuildConfiguration section */
		7107359A0FDEED75004AD098 /* Debug */ = {
			isa = XCBuildConfiguration;
			buildSettings = {
				COMBINE_HIDPI_IMAGES = YES;
				COPY_PHASE_STRIP = NO;
				GCC_DYNAMIC_NO_PIC = NO;
				GCC_GENERATE_DEBUGGING_SYMBOLS = YES;
				GCC_OPTIMIZATION_LEVEL = 0;
				GCC_PRECOMPILE_PREFIX_HEADER = NO;
				GCC_PREPROCESSOR_DEFINITIONS = (
					"PCSXRPLUG=DFNet",
					"$(inherited)",
				);
				GCC_WARN_FOUR_CHARACTER_CONSTANTS = NO;
				GCC_WARN_UNKNOWN_PRAGMAS = NO;
				INFOPLIST_FILE = Info.plist;
				INSTALL_PATH = "$(USER_LIBRARY_DIR)/Playstation Emulator Plugins";
				PRODUCT_NAME = "$(TARGET_NAME)";
				SYMROOT = ../../build;
				WRAPPER_EXTENSION = psxplugin;
			};
			name = Debug;
		};
		7107359B0FDEED75004AD098 /* Release */ = {
			isa = XCBuildConfiguration;
			buildSettings = {
				COMBINE_HIDPI_IMAGES = YES;
				COPY_PHASE_STRIP = YES;
				GCC_DYNAMIC_NO_PIC = NO;
				GCC_GENERATE_DEBUGGING_SYMBOLS = NO;
				GCC_OPTIMIZATION_LEVEL = s;
				GCC_PRECOMPILE_PREFIX_HEADER = NO;
				GCC_PREPROCESSOR_DEFINITIONS = (
					"PCSXRPLUG=DFNet",
					"$(inherited)",
				);
				GCC_WARN_FOUR_CHARACTER_CONSTANTS = NO;
				GCC_WARN_UNKNOWN_PRAGMAS = NO;
				INFOPLIST_FILE = Info.plist;
				INSTALL_PATH = "$(USER_LIBRARY_DIR)/Playstation Emulator Plugins";
				PRODUCT_NAME = "$(TARGET_NAME)";
				SYMROOT = ../../build;
				WRAPPER_EXTENSION = psxplugin;
			};
			name = Release;
		};
		7107359F0FDEED75004AD098 /* Debug */ = {
			isa = XCBuildConfiguration;
			buildSettings = {
				ARCHS = "$(ARCHS_STANDARD_32_64_BIT)";
				"CLANG_ENABLE_OBJC_ARC[arch=x86_64]" = YES;
				DEBUG_PREPROCESSOR_DEFINITIONS = "DEBUG=1";
				GCC_OPTIMIZATION_LEVEL = 0;
				GCC_PREPROCESSOR_DEFINITIONS = (
					"_MACOSX=1",
					"$(DEBUG_PREPROCESSOR_DEFINITIONS)",
				);
				HEADER_SEARCH_PATHS = (
					../../../libpcsxcore,
					../..,
					../../../plugins/dfnet,
				);
				MACOSX_DEPLOYMENT_TARGET = 10.6;
				ONLY_ACTIVE_ARCH = YES;
				SDKROOT = macosx;
				STRIP_INSTALLED_PRODUCT = NO;
				VALID_ARCHS = "i386 x86_64";
			};
			name = Debug;
		};
		710735A00FDEED75004AD098 /* Release */ = {
			isa = XCBuildConfiguration;
			buildSettings = {
				ARCHS = "$(ARCHS_STANDARD_32_64_BIT)";
				"CLANG_ENABLE_OBJC_ARC[arch=x86_64]" = YES;
				DEBUG_PREPROCESSOR_DEFINITIONS = "";
				GCC_PREPROCESSOR_DEFINITIONS = (
					"_MACOSX=1",
					"$(DEBUG_PREPROCESSOR_DEFINITIONS)",
				);
				HEADER_SEARCH_PATHS = (
					../../../libpcsxcore,
					../..,
					../../../plugins/dfnet,
				);
				MACOSX_DEPLOYMENT_TARGET = 10.6;
				SDKROOT = macosx;
				VALID_ARCHS = "i386 x86_64";
			};
			name = Release;
		};
/* End XCBuildConfiguration section */

/* Begin XCConfigurationList section */
		710735990FDEED75004AD098 /* Build configuration list for PBXNativeTarget "DFNet" */ = {
			isa = XCConfigurationList;
			buildConfigurations = (
				7107359A0FDEED75004AD098 /* Debug */,
				7107359B0FDEED75004AD098 /* Release */,
			);
			defaultConfigurationIsVisible = 0;
			defaultConfigurationName = Release;
		};
		7107359E0FDEED75004AD098 /* Build configuration list for PBXProject "DFNet" */ = {
			isa = XCConfigurationList;
			buildConfigurations = (
				7107359F0FDEED75004AD098 /* Debug */,
				710735A00FDEED75004AD098 /* Release */,
			);
			defaultConfigurationIsVisible = 0;
			defaultConfigurationName = Release;
		};
/* End XCConfigurationList section */
	};
	rootObject = 089C1669FE841209C02AAC07 /* Project object */;
}
