// !$*UTF8*$!
{
	archiveVersion = 1;
	classes = {
	};
	objectVersion = 46;
	objects = {

/* Begin PBXBuildFile section */
		2B7B2B94072D9BE6007F0C35 /* PluginController.m in Sources */ = {isa = PBXBuildFile; fileRef = 2B7B2B92072D9BE6007F0C35 /* PluginController.m */; };
		2B7B2BD1072DAE5D007F0C35 /* AppKit.framework in Frameworks */ = {isa = PBXBuildFile; fileRef = 2B7B2BD0072DAE5D007F0C35 /* AppKit.framework */; };
		2B7B2BE9072DB1B6007F0C35 /* NamedSlider.m in Sources */ = {isa = PBXBuildFile; fileRef = 2B7B2BE7072DB1B6007F0C35 /* NamedSlider.m */; };
		2BFF7F3E0715D2E00061278A /* Carbon.framework in Frameworks */ = {isa = PBXBuildFile; fileRef = 2BFF7F3D0715D2E00061278A /* Carbon.framework */; };
		5506636A14AB91C100C7C565 /* Credits.rtf in Resources */ = {isa = PBXBuildFile; fileRef = 5506635814AB91C100C7C565 /* Credits.rtf */; };
		5506636C14AB91C100C7C565 /* InfoPlist.strings in Resources */ = {isa = PBXBuildFile; fileRef = 5506635A14AB91C100C7C565 /* InfoPlist.strings */; };
		5506636E14AB91C100C7C565 /* Localizable.strings in Resources */ = {isa = PBXBuildFile; fileRef = 5506635C14AB91C100C7C565 /* Localizable.strings */; };
		5506637114AB91C100C7C565 /* Credits.rtf in Resources */ = {isa = PBXBuildFile; fileRef = 5506636114AB91C100C7C565 /* Credits.rtf */; };
		5506637314AB91C100C7C565 /* InfoPlist.strings in Resources */ = {isa = PBXBuildFile; fileRef = 5506636314AB91C100C7C565 /* InfoPlist.strings */; };
		5506637514AB91C100C7C565 /* Localizable.strings in Resources */ = {isa = PBXBuildFile; fileRef = 5506636514AB91C100C7C565 /* Localizable.strings */; };
		5506637714AB91C100C7C565 /* NetSfPeopsSpuSDLPluginMain.xib in Resources */ = {isa = PBXBuildFile; fileRef = 5506636714AB91C100C7C565 /* NetSfPeopsSpuSDLPluginMain.xib */; };
		5506639A14AB9E0300C7C565 /* NetSfPeopsSpuALPluginMain.xib in Resources */ = {isa = PBXBuildFile; fileRef = 5506639814AB9E0300C7C565 /* NetSfPeopsSpuALPluginMain.xib */; };
		5599693C13AFCD2900B0216B /* PluginController.m in Sources */ = {isa = PBXBuildFile; fileRef = 2B7B2B92072D9BE6007F0C35 /* PluginController.m */; };
		5599693D13AFCD2900B0216B /* NamedSlider.m in Sources */ = {isa = PBXBuildFile; fileRef = 2B7B2BE7072DB1B6007F0C35 /* NamedSlider.m */; };
		5599693E13AFCD2900B0216B /* dma.c in Sources */ = {isa = PBXBuildFile; fileRef = 71E4E797109DC529003BB7AC /* dma.c */; };
		5599693F13AFCD2900B0216B /* freeze.c in Sources */ = {isa = PBXBuildFile; fileRef = 71E4E79B109DC529003BB7AC /* freeze.c */; };
		5599694013AFCD2900B0216B /* registers.c in Sources */ = {isa = PBXBuildFile; fileRef = 71E4E79F109DC529003BB7AC /* registers.c */; };
		5599694113AFCD2900B0216B /* spu.c in Sources */ = {isa = PBXBuildFile; fileRef = 71E4E7A4109DC529003BB7AC /* spu.c */; };
		5599694213AFCD2900B0216B /* xa.c in Sources */ = {isa = PBXBuildFile; fileRef = 71E4E7A7109DC529003BB7AC /* xa.c */; };
		5599695313AFCD2900B0216B /* externals.c in Sources */ = {isa = PBXBuildFile; fileRef = A1A2073D13816B1D005EE84C /* externals.c */; };
		5599695513AFCD2900B0216B /* CoreFoundation.framework in Frameworks */ = {isa = PBXBuildFile; fileRef = 0AA1909FFE8422F4C02AAC07 /* CoreFoundation.framework */; };
		5599695713AFCD2900B0216B /* AppKit.framework in Frameworks */ = {isa = PBXBuildFile; fileRef = 2B7B2BD0072DAE5D007F0C35 /* AppKit.framework */; };
		5599696613AFCD7F00B0216B /* SDL_error.c in Sources */ = {isa = PBXBuildFile; fileRef = 71C7B1F4130F340E004BF975 /* SDL_error.c */; };
		5599696713AFCD7F00B0216B /* SDL_coreaudio.c in Sources */ = {isa = PBXBuildFile; fileRef = 71C7B1D4130F340E004BF975 /* SDL_coreaudio.c */; };
		5599696813AFCD8000B0216B /* SDL_audiotypecvt.c in Sources */ = {isa = PBXBuildFile; fileRef = 71C7B1DC130F340E004BF975 /* SDL_audiotypecvt.c */; };
		5599696913AFCD8100B0216B /* SDL_audiocvt.c in Sources */ = {isa = PBXBuildFile; fileRef = 71C7B1D8130F340E004BF975 /* SDL_audiocvt.c */; };
		5599696A13AFCD8100B0216B /* SDL_audio.c in Sources */ = {isa = PBXBuildFile; fileRef = 71C7B1D6130F340E004BF975 /* SDL_audio.c */; };
		5599696B13AFCD8300B0216B /* SDL.c in Sources */ = {isa = PBXBuildFile; fileRef = 71C7B1F3130F340E004BF975 /* SDL.c */; };
		5599696C13AFCD8B00B0216B /* openal.c in Sources */ = {isa = PBXBuildFile; fileRef = 5599692713AFCCC600B0216B /* openal.c */; };
		5599696D13AFCD9300B0216B /* sdl.c in Sources */ = {isa = PBXBuildFile; fileRef = 71D88523130EF83900F150FF /* sdl.c */; };
		5599696F13AFCE1D00B0216B /* OpenAL.framework in Frameworks */ = {isa = PBXBuildFile; fileRef = 5599696E13AFCE1D00B0216B /* OpenAL.framework */; };
		71C7B206130F340E004BF975 /* SDL_mixer.c in Sources */ = {isa = PBXBuildFile; fileRef = 71C7B1DD130F340E004BF975 /* SDL_mixer.c */; };
		71C7B207130F340E004BF975 /* SDL_wave.c in Sources */ = {isa = PBXBuildFile; fileRef = 71C7B1DF130F340E004BF975 /* SDL_wave.c */; };
		71C7B208130F340E004BF975 /* SDL_rwopsbundlesupport.m in Sources */ = {isa = PBXBuildFile; fileRef = 71C7B1E4130F340E004BF975 /* SDL_rwopsbundlesupport.m */; };
		71C7B209130F340E004BF975 /* SDL_rwops.c in Sources */ = {isa = PBXBuildFile; fileRef = 71C7B1E5130F340E004BF975 /* SDL_rwops.c */; };
		71C7B210130F340E004BF975 /* SDL_syscond.c in Sources */ = {isa = PBXBuildFile; fileRef = 71C7B1F8130F340E004BF975 /* SDL_syscond.c */; };
		71C7B211130F340E004BF975 /* SDL_sysmutex.c in Sources */ = {isa = PBXBuildFile; fileRef = 71C7B1F9130F340E004BF975 /* SDL_sysmutex.c */; };
		71C7B212130F340E004BF975 /* SDL_syssem.c in Sources */ = {isa = PBXBuildFile; fileRef = 71C7B1FB130F340E004BF975 /* SDL_syssem.c */; };
		71C7B213130F340E004BF975 /* SDL_systhread.c in Sources */ = {isa = PBXBuildFile; fileRef = 71C7B1FC130F340E004BF975 /* SDL_systhread.c */; };
		71C7B214130F340E004BF975 /* SDL_thread.c in Sources */ = {isa = PBXBuildFile; fileRef = 71C7B1FF130F340E004BF975 /* SDL_thread.c */; };
		71D88636130EFFB500F150FF /* CoreAudio.framework in Frameworks */ = {isa = PBXBuildFile; fileRef = 71D88634130EFFB500F150FF /* CoreAudio.framework */; };
		71D8864F130F009E00F150FF /* IOKit.framework in Frameworks */ = {isa = PBXBuildFile; fileRef = 71D8864E130F009D00F150FF /* IOKit.framework */; };
		71D88654130F00B400F150FF /* AudioUnit.framework in Frameworks */ = {isa = PBXBuildFile; fileRef = 71D88653130F00B400F150FF /* AudioUnit.framework */; };
		71E4E7AB109DC529003BB7AC /* dma.c in Sources */ = {isa = PBXBuildFile; fileRef = 71E4E797109DC529003BB7AC /* dma.c */; };
		71E4E7AC109DC529003BB7AC /* freeze.c in Sources */ = {isa = PBXBuildFile; fileRef = 71E4E79B109DC529003BB7AC /* freeze.c */; };
		71E4E7AE109DC529003BB7AC /* registers.c in Sources */ = {isa = PBXBuildFile; fileRef = 71E4E79F109DC529003BB7AC /* registers.c */; };
		71E4E7B0109DC529003BB7AC /* spu.c in Sources */ = {isa = PBXBuildFile; fileRef = 71E4E7A4109DC529003BB7AC /* spu.c */; };
		71E4E7B1109DC529003BB7AC /* xa.c in Sources */ = {isa = PBXBuildFile; fileRef = 71E4E7A7109DC529003BB7AC /* xa.c */; };
		8D576314048677EA00EA77CD /* CoreFoundation.framework in Frameworks */ = {isa = PBXBuildFile; fileRef = 0AA1909FFE8422F4C02AAC07 /* CoreFoundation.framework */; };
		A1A2073E13816B1D005EE84C /* externals.c in Sources */ = {isa = PBXBuildFile; fileRef = A1A2073D13816B1D005EE84C /* externals.c */; };
/* End PBXBuildFile section */

/* Begin PBXFileReference section */
		0AA1909FFE8422F4C02AAC07 /* CoreFoundation.framework */ = {isa = PBXFileReference; lastKnownFileType = wrapper.framework; name = CoreFoundation.framework; path = /System/Library/Frameworks/CoreFoundation.framework; sourceTree = "<absolute>"; };
		2B7B2B91072D9BE6007F0C35 /* PluginController.h */ = {isa = PBXFileReference; fileEncoding = 30; lastKnownFileType = sourcecode.c.h; name = PluginController.h; path = macsrc/PluginController.h; sourceTree = "<group>"; };
		2B7B2B92072D9BE6007F0C35 /* PluginController.m */ = {isa = PBXFileReference; fileEncoding = 30; lastKnownFileType = sourcecode.c.objc; name = PluginController.m; path = macsrc/PluginController.m; sourceTree = "<group>"; };
		2B7B2BD0072DAE5D007F0C35 /* AppKit.framework */ = {isa = PBXFileReference; lastKnownFileType = wrapper.framework; name = AppKit.framework; path = /System/Library/Frameworks/AppKit.framework; sourceTree = "<absolute>"; };
		2B7B2BE6072DB1B6007F0C35 /* NamedSlider.h */ = {isa = PBXFileReference; fileEncoding = 30; lastKnownFileType = sourcecode.c.h; name = NamedSlider.h; path = macsrc/NamedSlider.h; sourceTree = "<group>"; };
		2B7B2BE7072DB1B6007F0C35 /* NamedSlider.m */ = {isa = PBXFileReference; fileEncoding = 30; lastKnownFileType = sourcecode.c.objc; name = NamedSlider.m; path = macsrc/NamedSlider.m; sourceTree = "<group>"; };
		2BFF7F3D0715D2E00061278A /* Carbon.framework */ = {isa = PBXFileReference; lastKnownFileType = wrapper.framework; name = Carbon.framework; path = /System/Library/Frameworks/Carbon.framework; sourceTree = "<absolute>"; };
		5506635914AB91C100C7C565 /* English */ = {isa = PBXFileReference; lastKnownFileType = text.rtf; name = English; path = English.lproj/Credits.rtf; sourceTree = "<group>"; };
		5506635B14AB91C100C7C565 /* English */ = {isa = PBXFileReference; lastKnownFileType = text.plist.strings; name = English; path = English.lproj/InfoPlist.strings; sourceTree = "<group>"; };
		5506635D14AB91C100C7C565 /* English */ = {isa = PBXFileReference; lastKnownFileType = text.plist.strings; name = English; path = English.lproj/Localizable.strings; sourceTree = "<group>"; };
		5506636214AB91C100C7C565 /* English */ = {isa = PBXFileReference; lastKnownFileType = text.rtf; name = English; path = English.lproj/Credits.rtf; sourceTree = "<group>"; };
		5506636414AB91C100C7C565 /* English */ = {isa = PBXFileReference; lastKnownFileType = text.plist.strings; name = English; path = English.lproj/InfoPlist.strings; sourceTree = "<group>"; };
		5506636614AB91C100C7C565 /* English */ = {isa = PBXFileReference; lastKnownFileType = text.plist.strings; name = English; path = English.lproj/Localizable.strings; sourceTree = "<group>"; };
		5506636814AB91C100C7C565 /* English */ = {isa = PBXFileReference; lastKnownFileType = file.xib; name = English; path = English.lproj/NetSfPeopsSpuSDLPluginMain.xib; sourceTree = "<group>"; };
		5506639914AB9E0300C7C565 /* English */ = {isa = PBXFileReference; lastKnownFileType = file.xib; name = English; path = English.lproj/NetSfPeopsSpuALPluginMain.xib; sourceTree = "<group>"; };
		5517C065136217DE00706CCF /* externals.c */ = {isa = PBXFileReference; fileEncoding = 4; lastKnownFileType = sourcecode.c.c; name = externals.c; path = ../../../plugins/dfsound/externals.c; sourceTree = SOURCE_ROOT; };
		5599692713AFCCC600B0216B /* openal.c */ = {isa = PBXFileReference; fileEncoding = 4; lastKnownFileType = sourcecode.c.c; name = openal.c; path = ../../../plugins/dfsound/openal.c; sourceTree = SOURCE_ROOT; };
		5599695E13AFCD2900B0216B /* PeopsAL.psxplugin */ = {isa = PBXFileReference; explicitFileType = wrapper.cfbundle; includeInIndex = 0; name = PeopsAL.psxplugin; path = PeopsSpuAL.psxplugin; sourceTree = BUILT_PRODUCTS_DIR; };
		5599696E13AFCE1D00B0216B /* OpenAL.framework */ = {isa = PBXFileReference; lastKnownFileType = wrapper.framework; name = OpenAL.framework; path = System/Library/Frameworks/OpenAL.framework; sourceTree = SDKROOT; };
		55C8AB0C146DCD0E005ACCCB /* Info-AL.plist */ = {isa = PBXFileReference; lastKnownFileType = text.plist.xml; path = "Info-AL.plist"; sourceTree = "<group>"; };
		55F36E4B146CA0A900718DE6 /* maccfg.h */ = {isa = PBXFileReference; lastKnownFileType = sourcecode.c.h; name = maccfg.h; path = macsrc/maccfg.h; sourceTree = "<group>"; };
		71C7B1C2130F340E004BF975 /* begin_code.h */ = {isa = PBXFileReference; fileEncoding = 4294967295; lastKnownFileType = sourcecode.c.h; name = begin_code.h; path = ../Common/SDL/include/begin_code.h; sourceTree = SOURCE_ROOT; };
		71C7B1C3130F340E004BF975 /* close_code.h */ = {isa = PBXFileReference; fileEncoding = 4294967295; lastKnownFileType = sourcecode.c.h; name = close_code.h; path = ../Common/SDL/include/close_code.h; sourceTree = SOURCE_ROOT; };
		71C7B1C4130F340E004BF975 /* SDL.h */ = {isa = PBXFileReference; fileEncoding = 4294967295; lastKnownFileType = sourcecode.c.h; name = SDL.h; path = ../Common/SDL/include/SDL.h; sourceTree = SOURCE_ROOT; };
		71C7B1C5130F340E004BF975 /* SDL_audio.h */ = {isa = PBXFileReference; fileEncoding = 4294967295; lastKnownFileType = sourcecode.c.h; name = SDL_audio.h; path = ../Common/SDL/include/SDL_audio.h; sourceTree = SOURCE_ROOT; };
		71C7B1C6130F340E004BF975 /* SDL_config.h */ = {isa = PBXFileReference; fileEncoding = 4294967295; lastKnownFileType = sourcecode.c.h; name = SDL_config.h; path = ../Common/SDL/include/SDL_config.h; sourceTree = SOURCE_ROOT; };
		71C7B1C7130F340E004BF975 /* SDL_endian.h */ = {isa = PBXFileReference; fileEncoding = 4294967295; lastKnownFileType = sourcecode.c.h; name = SDL_endian.h; path = ../Common/SDL/include/SDL_endian.h; sourceTree = SOURCE_ROOT; };
		71C7B1C8130F340E004BF975 /* SDL_error.h */ = {isa = PBXFileReference; fileEncoding = 4294967295; lastKnownFileType = sourcecode.c.h; name = SDL_error.h; path = ../Common/SDL/include/SDL_error.h; sourceTree = SOURCE_ROOT; };
		71C7B1C9130F340E004BF975 /* SDL_haptic.h */ = {isa = PBXFileReference; fileEncoding = 4294967295; lastKnownFileType = sourcecode.c.h; name = SDL_haptic.h; path = ../Common/SDL/include/SDL_haptic.h; sourceTree = SOURCE_ROOT; };
		71C7B1CA130F340E004BF975 /* SDL_joystick.h */ = {isa = PBXFileReference; fileEncoding = 4294967295; lastKnownFileType = sourcecode.c.h; name = SDL_joystick.h; path = ../Common/SDL/include/SDL_joystick.h; sourceTree = SOURCE_ROOT; };
		71C7B1CB130F340E004BF975 /* SDL_main.h */ = {isa = PBXFileReference; fileEncoding = 4294967295; lastKnownFileType = sourcecode.c.h; name = SDL_main.h; path = ../Common/SDL/include/SDL_main.h; sourceTree = SOURCE_ROOT; };
		71C7B1CC130F340E004BF975 /* SDL_mutex.h */ = {isa = PBXFileReference; fileEncoding = 4294967295; lastKnownFileType = sourcecode.c.h; name = SDL_mutex.h; path = ../Common/SDL/include/SDL_mutex.h; sourceTree = SOURCE_ROOT; };
		71C7B1CD130F340E004BF975 /* SDL_platform.h */ = {isa = PBXFileReference; fileEncoding = 4294967295; lastKnownFileType = sourcecode.c.h; name = SDL_platform.h; path = ../Common/SDL/include/SDL_platform.h; sourceTree = SOURCE_ROOT; };
		71C7B1CE130F340E004BF975 /* SDL_rwops.h */ = {isa = PBXFileReference; fileEncoding = 4294967295; lastKnownFileType = sourcecode.c.h; name = SDL_rwops.h; path = ../Common/SDL/include/SDL_rwops.h; sourceTree = SOURCE_ROOT; };
		71C7B1CF130F340E004BF975 /* SDL_stdinc.h */ = {isa = PBXFileReference; fileEncoding = 4294967295; lastKnownFileType = sourcecode.c.h; name = SDL_stdinc.h; path = ../Common/SDL/include/SDL_stdinc.h; sourceTree = SOURCE_ROOT; };
		71C7B1D0130F340E004BF975 /* SDL_thread.h */ = {isa = PBXFileReference; fileEncoding = 4294967295; lastKnownFileType = sourcecode.c.h; name = SDL_thread.h; path = ../Common/SDL/include/SDL_thread.h; sourceTree = SOURCE_ROOT; };
		71C7B1D4130F340E004BF975 /* SDL_coreaudio.c */ = {isa = PBXFileReference; fileEncoding = 4294967295; lastKnownFileType = sourcecode.c.c; name = SDL_coreaudio.c; path = ../Common/SDL/src/audio/macosx/SDL_coreaudio.c; sourceTree = SOURCE_ROOT; };
		71C7B1D5130F340E004BF975 /* SDL_coreaudio.h */ = {isa = PBXFileReference; fileEncoding = 4294967295; lastKnownFileType = sourcecode.c.h; name = SDL_coreaudio.h; path = ../Common/SDL/src/audio/macosx/SDL_coreaudio.h; sourceTree = SOURCE_ROOT; };
		71C7B1D6130F340E004BF975 /* SDL_audio.c */ = {isa = PBXFileReference; fileEncoding = 4294967295; lastKnownFileType = sourcecode.c.c; name = SDL_audio.c; path = ../Common/SDL/src/audio/SDL_audio.c; sourceTree = SOURCE_ROOT; };
		71C7B1D7130F340E004BF975 /* SDL_audio_c.h */ = {isa = PBXFileReference; fileEncoding = 4294967295; lastKnownFileType = sourcecode.c.h; name = SDL_audio_c.h; path = ../Common/SDL/src/audio/SDL_audio_c.h; sourceTree = SOURCE_ROOT; };
		71C7B1D8130F340E004BF975 /* SDL_audiocvt.c */ = {isa = PBXFileReference; fileEncoding = 4294967295; lastKnownFileType = sourcecode.c.c; name = SDL_audiocvt.c; path = ../Common/SDL/src/audio/SDL_audiocvt.c; sourceTree = SOURCE_ROOT; };
		71C7B1DB130F340E004BF975 /* SDL_audiomem.h */ = {isa = PBXFileReference; fileEncoding = 4294967295; lastKnownFileType = sourcecode.c.h; name = SDL_audiomem.h; path = ../Common/SDL/src/audio/SDL_audiomem.h; sourceTree = SOURCE_ROOT; };
		71C7B1DC130F340E004BF975 /* SDL_audiotypecvt.c */ = {isa = PBXFileReference; fileEncoding = 4294967295; lastKnownFileType = sourcecode.c.c; name = SDL_audiotypecvt.c; path = ../Common/SDL/src/audio/SDL_audiotypecvt.c; sourceTree = SOURCE_ROOT; };
		71C7B1DD130F340E004BF975 /* SDL_mixer.c */ = {isa = PBXFileReference; fileEncoding = 4294967295; lastKnownFileType = sourcecode.c.c; name = SDL_mixer.c; path = ../Common/SDL/src/audio/SDL_mixer.c; sourceTree = SOURCE_ROOT; };
		71C7B1DE130F340E004BF975 /* SDL_sysaudio.h */ = {isa = PBXFileReference; fileEncoding = 4294967295; lastKnownFileType = sourcecode.c.h; name = SDL_sysaudio.h; path = ../Common/SDL/src/audio/SDL_sysaudio.h; sourceTree = SOURCE_ROOT; };
		71C7B1DF130F340E004BF975 /* SDL_wave.c */ = {isa = PBXFileReference; fileEncoding = 4294967295; lastKnownFileType = sourcecode.c.c; name = SDL_wave.c; path = ../Common/SDL/src/audio/SDL_wave.c; sourceTree = SOURCE_ROOT; };
		71C7B1E0130F340E004BF975 /* SDL_wave.h */ = {isa = PBXFileReference; fileEncoding = 4294967295; lastKnownFileType = sourcecode.c.h; name = SDL_wave.h; path = ../Common/SDL/src/audio/SDL_wave.h; sourceTree = SOURCE_ROOT; };
		71C7B1E3130F340E004BF975 /* SDL_rwopsbundlesupport.h */ = {isa = PBXFileReference; fileEncoding = 4294967295; lastKnownFileType = sourcecode.c.h; name = SDL_rwopsbundlesupport.h; path = ../Common/SDL/src/file/cocoa/SDL_rwopsbundlesupport.h; sourceTree = SOURCE_ROOT; };
		71C7B1E4130F340E004BF975 /* SDL_rwopsbundlesupport.m */ = {isa = PBXFileReference; fileEncoding = 4294967295; lastKnownFileType = sourcecode.c.objc; name = SDL_rwopsbundlesupport.m; path = ../Common/SDL/src/file/cocoa/SDL_rwopsbundlesupport.m; sourceTree = SOURCE_ROOT; };
		71C7B1E5130F340E004BF975 /* SDL_rwops.c */ = {isa = PBXFileReference; fileEncoding = 4294967295; lastKnownFileType = sourcecode.c.c; name = SDL_rwops.c; path = ../Common/SDL/src/file/SDL_rwops.c; sourceTree = SOURCE_ROOT; };
		71C7B1F3130F340E004BF975 /* SDL.c */ = {isa = PBXFileReference; fileEncoding = 4294967295; lastKnownFileType = sourcecode.c.c; name = SDL.c; path = ../Common/SDL/src/SDL.c; sourceTree = SOURCE_ROOT; };
		71C7B1F4130F340E004BF975 /* SDL_error.c */ = {isa = PBXFileReference; fileEncoding = 4294967295; lastKnownFileType = sourcecode.c.c; name = SDL_error.c; path = ../Common/SDL/src/SDL_error.c; sourceTree = SOURCE_ROOT; };
		71C7B1F5130F340E004BF975 /* SDL_error_c.h */ = {isa = PBXFileReference; fileEncoding = 4294967295; lastKnownFileType = sourcecode.c.h; name = SDL_error_c.h; path = ../Common/SDL/src/SDL_error_c.h; sourceTree = SOURCE_ROOT; };
		71C7B1F8130F340E004BF975 /* SDL_syscond.c */ = {isa = PBXFileReference; fileEncoding = 4294967295; lastKnownFileType = sourcecode.c.c; name = SDL_syscond.c; path = ../Common/SDL/src/thread/pthread/SDL_syscond.c; sourceTree = SOURCE_ROOT; };
		71C7B1F9130F340E004BF975 /* SDL_sysmutex.c */ = {isa = PBXFileReference; fileEncoding = 4294967295; lastKnownFileType = sourcecode.c.c; name = SDL_sysmutex.c; path = ../Common/SDL/src/thread/pthread/SDL_sysmutex.c; sourceTree = SOURCE_ROOT; };
		71C7B1FA130F340E004BF975 /* SDL_sysmutex_c.h */ = {isa = PBXFileReference; fileEncoding = 4294967295; lastKnownFileType = sourcecode.c.h; name = SDL_sysmutex_c.h; path = ../Common/SDL/src/thread/pthread/SDL_sysmutex_c.h; sourceTree = SOURCE_ROOT; };
		71C7B1FB130F340E004BF975 /* SDL_syssem.c */ = {isa = PBXFileReference; fileEncoding = 4294967295; lastKnownFileType = sourcecode.c.c; name = SDL_syssem.c; path = ../Common/SDL/src/thread/pthread/SDL_syssem.c; sourceTree = SOURCE_ROOT; };
		71C7B1FC130F340E004BF975 /* SDL_systhread.c */ = {isa = PBXFileReference; fileEncoding = 4294967295; lastKnownFileType = sourcecode.c.c; name = SDL_systhread.c; path = ../Common/SDL/src/thread/pthread/SDL_systhread.c; sourceTree = SOURCE_ROOT; };
		71C7B1FD130F340E004BF975 /* SDL_systhread_c.h */ = {isa = PBXFileReference; fileEncoding = 4294967295; lastKnownFileType = sourcecode.c.h; name = SDL_systhread_c.h; path = ../Common/SDL/src/thread/pthread/SDL_systhread_c.h; sourceTree = SOURCE_ROOT; };
		71C7B1FE130F340E004BF975 /* SDL_systhread.h */ = {isa = PBXFileReference; fileEncoding = 4294967295; lastKnownFileType = sourcecode.c.h; name = SDL_systhread.h; path = ../Common/SDL/src/thread/SDL_systhread.h; sourceTree = SOURCE_ROOT; };
		71C7B1FF130F340E004BF975 /* SDL_thread.c */ = {isa = PBXFileReference; fileEncoding = 4294967295; lastKnownFileType = sourcecode.c.c; name = SDL_thread.c; path = ../Common/SDL/src/thread/SDL_thread.c; sourceTree = SOURCE_ROOT; };
		71C7B200130F340E004BF975 /* SDL_thread_c.h */ = {isa = PBXFileReference; fileEncoding = 4294967295; lastKnownFileType = sourcecode.c.h; name = SDL_thread_c.h; path = ../Common/SDL/src/thread/SDL_thread_c.h; sourceTree = SOURCE_ROOT; };
		71D88523130EF83900F150FF /* sdl.c */ = {isa = PBXFileReference; fileEncoding = 4294967295; lastKnownFileType = sourcecode.c.c; name = sdl.c; path = ../../../plugins/dfsound/sdl.c; sourceTree = SOURCE_ROOT; };
		71D88634130EFFB500F150FF /* CoreAudio.framework */ = {isa = PBXFileReference; lastKnownFileType = wrapper.framework; name = CoreAudio.framework; path = /System/Library/Frameworks/CoreAudio.framework; sourceTree = "<absolute>"; };
		71D8864E130F009D00F150FF /* IOKit.framework */ = {isa = PBXFileReference; lastKnownFileType = wrapper.framework; name = IOKit.framework; path = /System/Library/Frameworks/IOKit.framework; sourceTree = "<absolute>"; };
		71D88653130F00B400F150FF /* AudioUnit.framework */ = {isa = PBXFileReference; lastKnownFileType = wrapper.framework; name = AudioUnit.framework; path = /System/Library/Frameworks/AudioUnit.framework; sourceTree = "<absolute>"; };
		71E4E793109DC529003BB7AC /* adsr.c */ = {isa = PBXFileReference; fileEncoding = 4; lastKnownFileType = sourcecode.c.c; name = adsr.c; path = ../../../plugins/dfsound/adsr.c; sourceTree = SOURCE_ROOT; };
		71E4E794109DC529003BB7AC /* adsr.h */ = {isa = PBXFileReference; fileEncoding = 4; lastKnownFileType = sourcecode.c.h; name = adsr.h; path = ../../../plugins/dfsound/adsr.h; sourceTree = SOURCE_ROOT; };
		71E4E796109DC529003BB7AC /* cfg.h */ = {isa = PBXFileReference; fileEncoding = 4; lastKnownFileType = sourcecode.c.h; name = cfg.h; path = ../../../plugins/dfsound/cfg.h; sourceTree = SOURCE_ROOT; };
		71E4E797109DC529003BB7AC /* dma.c */ = {isa = PBXFileReference; fileEncoding = 4; lastKnownFileType = sourcecode.c.c; name = dma.c; path = ../../../plugins/dfsound/dma.c; sourceTree = SOURCE_ROOT; };
		71E4E798109DC529003BB7AC /* dma.h */ = {isa = PBXFileReference; fileEncoding = 4; lastKnownFileType = sourcecode.c.h; name = dma.h; path = ../../../plugins/dfsound/dma.h; sourceTree = SOURCE_ROOT; };
		71E4E799109DC529003BB7AC /* dsoundoss.h */ = {isa = PBXFileReference; fileEncoding = 4; lastKnownFileType = sourcecode.c.h; name = dsoundoss.h; path = ../../../plugins/dfsound/dsoundoss.h; sourceTree = SOURCE_ROOT; };
		71E4E79A109DC529003BB7AC /* externals.h */ = {isa = PBXFileReference; fileEncoding = 4; lastKnownFileType = sourcecode.c.h; name = externals.h; path = ../../../plugins/dfsound/externals.h; sourceTree = SOURCE_ROOT; };
		71E4E79B109DC529003BB7AC /* freeze.c */ = {isa = PBXFileReference; fileEncoding = 4; lastKnownFileType = sourcecode.c.c; name = freeze.c; path = ../../../plugins/dfsound/freeze.c; sourceTree = SOURCE_ROOT; };
		71E4E79C109DC529003BB7AC /* gauss_i.h */ = {isa = PBXFileReference; fileEncoding = 4; lastKnownFileType = sourcecode.c.h; name = gauss_i.h; path = ../../../plugins/dfsound/gauss_i.h; sourceTree = SOURCE_ROOT; };
		71E4E79E109DC529003BB7AC /* psemuxa.h */ = {isa = PBXFileReference; fileEncoding = 4; lastKnownFileType = sourcecode.c.h; name = psemuxa.h; path = ../../../plugins/dfsound/psemuxa.h; sourceTree = SOURCE_ROOT; };
		71E4E79F109DC529003BB7AC /* registers.c */ = {isa = PBXFileReference; fileEncoding = 4; lastKnownFileType = sourcecode.c.c; name = registers.c; path = ../../../plugins/dfsound/registers.c; sourceTree = SOURCE_ROOT; };
		71E4E7A0109DC529003BB7AC /* registers.h */ = {isa = PBXFileReference; fileEncoding = 4; lastKnownFileType = sourcecode.c.h; name = registers.h; path = ../../../plugins/dfsound/registers.h; sourceTree = SOURCE_ROOT; };
		71E4E7A1109DC529003BB7AC /* regs.h */ = {isa = PBXFileReference; fileEncoding = 4; lastKnownFileType = sourcecode.c.h; name = regs.h; path = ../../../plugins/dfsound/regs.h; sourceTree = SOURCE_ROOT; };
		71E4E7A2109DC529003BB7AC /* reverb.c */ = {isa = PBXFileReference; fileEncoding = 4; lastKnownFileType = sourcecode.c.c; name = reverb.c; path = ../../../plugins/dfsound/reverb.c; sourceTree = SOURCE_ROOT; };
		71E4E7A3109DC529003BB7AC /* reverb.h */ = {isa = PBXFileReference; fileEncoding = 4; lastKnownFileType = sourcecode.c.h; name = reverb.h; path = ../../../plugins/dfsound/reverb.h; sourceTree = SOURCE_ROOT; };
		71E4E7A4109DC529003BB7AC /* spu.c */ = {isa = PBXFileReference; fileEncoding = 4; lastKnownFileType = sourcecode.c.c; lineEnding = 2; name = spu.c; path = ../../../plugins/dfsound/spu.c; sourceTree = SOURCE_ROOT; xcLanguageSpecificationIdentifier = xcode.lang.c; };
		71E4E7A5109DC529003BB7AC /* spu.h */ = {isa = PBXFileReference; fileEncoding = 4; lastKnownFileType = sourcecode.c.h; name = spu.h; path = ../../../plugins/dfsound/spu.h; sourceTree = SOURCE_ROOT; };
		71E4E7A6109DC529003BB7AC /* stdafx.h */ = {isa = PBXFileReference; fileEncoding = 4; lastKnownFileType = sourcecode.c.h; name = stdafx.h; path = ../../../plugins/dfsound/stdafx.h; sourceTree = SOURCE_ROOT; };
		71E4E7A7109DC529003BB7AC /* xa.c */ = {isa = PBXFileReference; fileEncoding = 4; lastKnownFileType = sourcecode.c.c; name = xa.c; path = ../../../plugins/dfsound/xa.c; sourceTree = SOURCE_ROOT; };
		71E4E7A8109DC529003BB7AC /* xa.h */ = {isa = PBXFileReference; fileEncoding = 4; lastKnownFileType = sourcecode.c.h; name = xa.h; path = ../../../plugins/dfsound/xa.h; sourceTree = SOURCE_ROOT; };
		8D576316048677EA00EA77CD /* PeopsSPU.psxplugin */ = {isa = PBXFileReference; explicitFileType = wrapper.cfbundle; includeInIndex = 0; name = PeopsSPU.psxplugin; path = PeopsSpuSDL.psxplugin; sourceTree = BUILT_PRODUCTS_DIR; };
		8D576317048677EA00EA77CD /* Info-SDL.plist */ = {isa = PBXFileReference; fileEncoding = 4; lastKnownFileType = text.plist.xml; path = "Info-SDL.plist"; sourceTree = "<group>"; };
		A1A2073D13816B1D005EE84C /* externals.c */ = {isa = PBXFileReference; fileEncoding = 4; lastKnownFileType = sourcecode.c.c; name = externals.c; path = ../../../plugins/dfsound/externals.c; sourceTree = SOURCE_ROOT; };
/* End PBXFileReference section */

/* Begin PBXFrameworksBuildPhase section */
		5599695413AFCD2900B0216B /* Frameworks */ = {
			isa = PBXFrameworksBuildPhase;
			buildActionMask = 2147483647;
			files = (
				5599695513AFCD2900B0216B /* CoreFoundation.framework in Frameworks */,
				5599695713AFCD2900B0216B /* AppKit.framework in Frameworks */,
				5599696F13AFCE1D00B0216B /* OpenAL.framework in Frameworks */,
			);
			runOnlyForDeploymentPostprocessing = 0;
		};
		8D576313048677EA00EA77CD /* Frameworks */ = {
			isa = PBXFrameworksBuildPhase;
			buildActionMask = 2147483647;
			files = (
				8D576314048677EA00EA77CD /* CoreFoundation.framework in Frameworks */,
				2BFF7F3E0715D2E00061278A /* Carbon.framework in Frameworks */,
				2B7B2BD1072DAE5D007F0C35 /* AppKit.framework in Frameworks */,
				71D88636130EFFB500F150FF /* CoreAudio.framework in Frameworks */,
				71D8864F130F009E00F150FF /* IOKit.framework in Frameworks */,
				71D88654130F00B400F150FF /* AudioUnit.framework in Frameworks */,
			);
			runOnlyForDeploymentPostprocessing = 0;
		};
/* End PBXFrameworksBuildPhase section */

/* Begin PBXGroup section */
		089C166AFE841209C02AAC07 /* PSX Plugin */ = {
			isa = PBXGroup;
			children = (
				08FB77AFFE84173DC02AAC07 /* Source */,
				2B7B2B8E072D9BD6007F0C35 /* macsrc */,
				089C167CFE841241C02AAC07 /* Resources */,
				71C7B1C0130F340E004BF975 /* SDL */,
				089C1671FE841209C02AAC07 /* External Frameworks and Libraries */,
				19C28FB6FE9D52B211CA2CBB /* Products */,
				8D576317048677EA00EA77CD /* Info-SDL.plist */,
				55C8AB0C146DCD0E005ACCCB /* Info-AL.plist */,
			);
			name = "PSX Plugin";
			sourceTree = "<group>";
		};
		089C1671FE841209C02AAC07 /* External Frameworks and Libraries */ = {
			isa = PBXGroup;
			children = (
				71D88653130F00B400F150FF /* AudioUnit.framework */,
				71D8864E130F009D00F150FF /* IOKit.framework */,
				71D88634130EFFB500F150FF /* CoreAudio.framework */,
				2B7B2BD0072DAE5D007F0C35 /* AppKit.framework */,
				2BFF7F3D0715D2E00061278A /* Carbon.framework */,
				0AA1909FFE8422F4C02AAC07 /* CoreFoundation.framework */,
				5599696E13AFCE1D00B0216B /* OpenAL.framework */,
			);
			name = "External Frameworks and Libraries";
			sourceTree = "<group>";
		};
		089C167CFE841241C02AAC07 /* Resources */ = {
			isa = PBXGroup;
			children = (
				5506635714AB91C100C7C565 /* OpenAL */,
				5506636014AB91C100C7C565 /* SDL */,
			);
			name = Resources;
			path = Resorces;
			sourceTree = "<group>";
		};
		08FB77AFFE84173DC02AAC07 /* Source */ = {
			isa = PBXGroup;
			children = (
				A1A2073D13816B1D005EE84C /* externals.c */,
				71E4E793109DC529003BB7AC /* adsr.c */,
				71E4E794109DC529003BB7AC /* adsr.h */,
				71E4E796109DC529003BB7AC /* cfg.h */,
				71E4E797109DC529003BB7AC /* dma.c */,
				71E4E798109DC529003BB7AC /* dma.h */,
				71E4E799109DC529003BB7AC /* dsoundoss.h */,
				5517C065136217DE00706CCF /* externals.c */,
				71E4E79A109DC529003BB7AC /* externals.h */,
				71E4E79B109DC529003BB7AC /* freeze.c */,
				71E4E79C109DC529003BB7AC /* gauss_i.h */,
				71E4E79E109DC529003BB7AC /* psemuxa.h */,
				71E4E79F109DC529003BB7AC /* registers.c */,
				71E4E7A0109DC529003BB7AC /* registers.h */,
				71E4E7A1109DC529003BB7AC /* regs.h */,
				71E4E7A2109DC529003BB7AC /* reverb.c */,
				71E4E7A3109DC529003BB7AC /* reverb.h */,
				71D88523130EF83900F150FF /* sdl.c */,
				71E4E7A4109DC529003BB7AC /* spu.c */,
				71E4E7A5109DC529003BB7AC /* spu.h */,
				71E4E7A6109DC529003BB7AC /* stdafx.h */,
				5599692713AFCCC600B0216B /* openal.c */,
				71E4E7A7109DC529003BB7AC /* xa.c */,
				71E4E7A8109DC529003BB7AC /* xa.h */,
			);
			name = Source;
			sourceTree = "<group>";
		};
		19C28FB6FE9D52B211CA2CBB /* Products */ = {
			isa = PBXGroup;
			children = (
				8D576316048677EA00EA77CD /* PeopsSPU.psxplugin */,
				5599695E13AFCD2900B0216B /* PeopsAL.psxplugin */,
			);
			name = Products;
			sourceTree = "<group>";
		};
		2B7B2B8E072D9BD6007F0C35 /* macsrc */ = {
			isa = PBXGroup;
			children = (
				55F36E4B146CA0A900718DE6 /* maccfg.h */,
				2B7B2B91072D9BE6007F0C35 /* PluginController.h */,
				2B7B2B92072D9BE6007F0C35 /* PluginController.m */,
				2B7B2BE6072DB1B6007F0C35 /* NamedSlider.h */,
				2B7B2BE7072DB1B6007F0C35 /* NamedSlider.m */,
			);
			name = macsrc;
			sourceTree = "<group>";
		};
		5506635714AB91C100C7C565 /* OpenAL */ = {
			isa = PBXGroup;
			children = (
				5506635814AB91C100C7C565 /* Credits.rtf */,
				5506635A14AB91C100C7C565 /* InfoPlist.strings */,
				5506635C14AB91C100C7C565 /* Localizable.strings */,
				5506639814AB9E0300C7C565 /* NetSfPeopsSpuALPluginMain.xib */,
			);
			path = OpenAL;
			sourceTree = "<group>";
		};
		5506636014AB91C100C7C565 /* SDL */ = {
			isa = PBXGroup;
			children = (
				5506636114AB91C100C7C565 /* Credits.rtf */,
				5506636314AB91C100C7C565 /* InfoPlist.strings */,
				5506636514AB91C100C7C565 /* Localizable.strings */,
				5506636714AB91C100C7C565 /* NetSfPeopsSpuSDLPluginMain.xib */,
			);
			path = SDL;
			sourceTree = "<group>";
		};
		71C7B1C0130F340E004BF975 /* SDL */ = {
			isa = PBXGroup;
			children = (
				71C7B1C1130F340E004BF975 /* include */,
				71C7B1D1130F340E004BF975 /* src */,
			);
			name = SDL;
			path = ../Common/SDL;
			sourceTree = SOURCE_ROOT;
		};
		71C7B1C1130F340E004BF975 /* include */ = {
			isa = PBXGroup;
			children = (
				71C7B1C2130F340E004BF975 /* begin_code.h */,
				71C7B1C3130F340E004BF975 /* close_code.h */,
				71C7B1C4130F340E004BF975 /* SDL.h */,
				71C7B1C5130F340E004BF975 /* SDL_audio.h */,
				71C7B1C6130F340E004BF975 /* SDL_config.h */,
				71C7B1C7130F340E004BF975 /* SDL_endian.h */,
				71C7B1C8130F340E004BF975 /* SDL_error.h */,
				71C7B1C9130F340E004BF975 /* SDL_haptic.h */,
				71C7B1CA130F340E004BF975 /* SDL_joystick.h */,
				71C7B1CB130F340E004BF975 /* SDL_main.h */,
				71C7B1CC130F340E004BF975 /* SDL_mutex.h */,
				71C7B1CD130F340E004BF975 /* SDL_platform.h */,
				71C7B1CE130F340E004BF975 /* SDL_rwops.h */,
				71C7B1CF130F340E004BF975 /* SDL_stdinc.h */,
				71C7B1D0130F340E004BF975 /* SDL_thread.h */,
			);
			name = include;
			path = ../Common/SDL/include;
			sourceTree = SOURCE_ROOT;
		};
		71C7B1D1130F340E004BF975 /* src */ = {
			isa = PBXGroup;
			children = (
				71C7B1D2130F340E004BF975 /* audio */,
				71C7B1E1130F340E004BF975 /* file */,
				71C7B1F6130F340E004BF975 /* thread */,
				71C7B1F3130F340E004BF975 /* SDL.c */,
				71C7B1F4130F340E004BF975 /* SDL_error.c */,
				71C7B1F5130F340E004BF975 /* SDL_error_c.h */,
			);
			name = src;
			path = ../Common/SDL/src;
			sourceTree = SOURCE_ROOT;
		};
		71C7B1D2130F340E004BF975 /* audio */ = {
			isa = PBXGroup;
			children = (
				71C7B1D3130F340E004BF975 /* macosx */,
				71C7B1D6130F340E004BF975 /* SDL_audio.c */,
				71C7B1D7130F340E004BF975 /* SDL_audio_c.h */,
				71C7B1D8130F340E004BF975 /* SDL_audiocvt.c */,
				71C7B1DB130F340E004BF975 /* SDL_audiomem.h */,
				71C7B1DC130F340E004BF975 /* SDL_audiotypecvt.c */,
				71C7B1DD130F340E004BF975 /* SDL_mixer.c */,
				71C7B1DE130F340E004BF975 /* SDL_sysaudio.h */,
				71C7B1DF130F340E004BF975 /* SDL_wave.c */,
				71C7B1E0130F340E004BF975 /* SDL_wave.h */,
			);
			name = audio;
			path = ../Common/SDL/src/audio;
			sourceTree = SOURCE_ROOT;
		};
		71C7B1D3130F340E004BF975 /* macosx */ = {
			isa = PBXGroup;
			children = (
				71C7B1D4130F340E004BF975 /* SDL_coreaudio.c */,
				71C7B1D5130F340E004BF975 /* SDL_coreaudio.h */,
			);
			name = macosx;
			path = ../Common/SDL/src/audio/macosx;
			sourceTree = SOURCE_ROOT;
		};
		71C7B1E1130F340E004BF975 /* file */ = {
			isa = PBXGroup;
			children = (
				71C7B1E2130F340E004BF975 /* cocoa */,
				71C7B1E5130F340E004BF975 /* SDL_rwops.c */,
			);
			name = file;
			path = ../Common/SDL/src/file;
			sourceTree = SOURCE_ROOT;
		};
		71C7B1E2130F340E004BF975 /* cocoa */ = {
			isa = PBXGroup;
			children = (
				71C7B1E3130F340E004BF975 /* SDL_rwopsbundlesupport.h */,
				71C7B1E4130F340E004BF975 /* SDL_rwopsbundlesupport.m */,
			);
			name = cocoa;
			path = ../Common/SDL/src/file/cocoa;
			sourceTree = SOURCE_ROOT;
		};
		71C7B1F6130F340E004BF975 /* thread */ = {
			isa = PBXGroup;
			children = (
				71C7B1F7130F340E004BF975 /* pthread */,
				71C7B1FE130F340E004BF975 /* SDL_systhread.h */,
				71C7B1FF130F340E004BF975 /* SDL_thread.c */,
				71C7B200130F340E004BF975 /* SDL_thread_c.h */,
			);
			name = thread;
			path = ../Common/SDL/src/thread;
			sourceTree = SOURCE_ROOT;
		};
		71C7B1F7130F340E004BF975 /* pthread */ = {
			isa = PBXGroup;
			children = (
				71C7B1F8130F340E004BF975 /* SDL_syscond.c */,
				71C7B1F9130F340E004BF975 /* SDL_sysmutex.c */,
				71C7B1FA130F340E004BF975 /* SDL_sysmutex_c.h */,
				71C7B1FB130F340E004BF975 /* SDL_syssem.c */,
				71C7B1FC130F340E004BF975 /* SDL_systhread.c */,
				71C7B1FD130F340E004BF975 /* SDL_systhread_c.h */,
			);
			name = pthread;
			path = ../Common/SDL/src/thread/pthread;
			sourceTree = SOURCE_ROOT;
		};
/* End PBXGroup section */

/* Begin PBXNativeTarget section */
		5599693613AFCD2900B0216B /* PeopsSpuAL */ = {
			isa = PBXNativeTarget;
			buildConfigurationList = 5599695B13AFCD2900B0216B /* Build configuration list for PBXNativeTarget "PeopsSpuAL" */;
			buildPhases = (
				5599693713AFCD2900B0216B /* Resources */,
				5599693B13AFCD2900B0216B /* Sources */,
				5599695413AFCD2900B0216B /* Frameworks */,
			);
			buildRules = (
			);
			dependencies = (
			);
			name = PeopsSpuAL;
			productInstallPath = "$(HOME)/Library/Bundles";
			productName = "PSX Plugin";
			productReference = 5599695E13AFCD2900B0216B /* PeopsAL.psxplugin */;
			productType = "com.apple.product-type.bundle";
		};
		8D57630D048677EA00EA77CD /* PeopsSpuSDL */ = {
			isa = PBXNativeTarget;
			buildConfigurationList = 71155B260FDFA2EB00EC0BC5 /* Build configuration list for PBXNativeTarget "PeopsSpuSDL" */;
			buildPhases = (
				8D57630F048677EA00EA77CD /* Resources */,
				8D576311048677EA00EA77CD /* Sources */,
				8D576313048677EA00EA77CD /* Frameworks */,
			);
			buildRules = (
			);
			dependencies = (
			);
			name = PeopsSpuSDL;
			productInstallPath = "$(HOME)/Library/Bundles";
			productName = "PSX Plugin";
			productReference = 8D576316048677EA00EA77CD /* PeopsSPU.psxplugin */;
			productType = "com.apple.product-type.bundle";
		};
/* End PBXNativeTarget section */

/* Begin PBXProject section */
		089C1669FE841209C02AAC07 /* Project object */ = {
			isa = PBXProject;
			attributes = {
				LastUpgradeCheck = 0420;
			};
			buildConfigurationList = 71155B2B0FDFA2EB00EC0BC5 /* Build configuration list for PBXProject "PeopsSPU" */;
			compatibilityVersion = "Xcode 3.2";
			developmentRegion = English;
			hasScannedForEncodings = 1;
			knownRegions = (
				English,
				Japanese,
				French,
				German,
			);
			mainGroup = 089C166AFE841209C02AAC07 /* PSX Plugin */;
			projectDirPath = "";
			projectRoot = "";
			targets = (
				8D57630D048677EA00EA77CD /* PeopsSpuSDL */,
				5599693613AFCD2900B0216B /* PeopsSpuAL */,
			);
		};
/* End PBXProject section */

/* Begin PBXResourcesBuildPhase section */
		5599693713AFCD2900B0216B /* Resources */ = {
			isa = PBXResourcesBuildPhase;
			buildActionMask = 2147483647;
			files = (
				5506636A14AB91C100C7C565 /* Credits.rtf in Resources */,
				5506636C14AB91C100C7C565 /* InfoPlist.strings in Resources */,
				5506636E14AB91C100C7C565 /* Localizable.strings in Resources */,
				5506639A14AB9E0300C7C565 /* NetSfPeopsSpuALPluginMain.xib in Resources */,
			);
			runOnlyForDeploymentPostprocessing = 0;
		};
		8D57630F048677EA00EA77CD /* Resources */ = {
			isa = PBXResourcesBuildPhase;
			buildActionMask = 2147483647;
			files = (
				5506637114AB91C100C7C565 /* Credits.rtf in Resources */,
				5506637314AB91C100C7C565 /* InfoPlist.strings in Resources */,
				5506637514AB91C100C7C565 /* Localizable.strings in Resources */,
				5506637714AB91C100C7C565 /* NetSfPeopsSpuSDLPluginMain.xib in Resources */,
			);
			runOnlyForDeploymentPostprocessing = 0;
		};
/* End PBXResourcesBuildPhase section */

/* Begin PBXSourcesBuildPhase section */
		5599693B13AFCD2900B0216B /* Sources */ = {
			isa = PBXSourcesBuildPhase;
			buildActionMask = 2147483647;
			files = (
				5599693C13AFCD2900B0216B /* PluginController.m in Sources */,
				5599693D13AFCD2900B0216B /* NamedSlider.m in Sources */,
				5599693E13AFCD2900B0216B /* dma.c in Sources */,
				5599693F13AFCD2900B0216B /* freeze.c in Sources */,
				5599694013AFCD2900B0216B /* registers.c in Sources */,
				5599694113AFCD2900B0216B /* spu.c in Sources */,
				5599694213AFCD2900B0216B /* xa.c in Sources */,
				5599695313AFCD2900B0216B /* externals.c in Sources */,
				5599696C13AFCD8B00B0216B /* openal.c in Sources */,
			);
			runOnlyForDeploymentPostprocessing = 0;
		};
		8D576311048677EA00EA77CD /* Sources */ = {
			isa = PBXSourcesBuildPhase;
			buildActionMask = 2147483647;
			files = (
				2B7B2B94072D9BE6007F0C35 /* PluginController.m in Sources */,
				2B7B2BE9072DB1B6007F0C35 /* NamedSlider.m in Sources */,
				71E4E7AB109DC529003BB7AC /* dma.c in Sources */,
				71E4E7AC109DC529003BB7AC /* freeze.c in Sources */,
				71E4E7AE109DC529003BB7AC /* registers.c in Sources */,
				71E4E7B0109DC529003BB7AC /* spu.c in Sources */,
				71E4E7B1109DC529003BB7AC /* xa.c in Sources */,
				71C7B206130F340E004BF975 /* SDL_mixer.c in Sources */,
				71C7B207130F340E004BF975 /* SDL_wave.c in Sources */,
				71C7B208130F340E004BF975 /* SDL_rwopsbundlesupport.m in Sources */,
				71C7B209130F340E004BF975 /* SDL_rwops.c in Sources */,
				71C7B210130F340E004BF975 /* SDL_syscond.c in Sources */,
				71C7B211130F340E004BF975 /* SDL_sysmutex.c in Sources */,
				71C7B212130F340E004BF975 /* SDL_syssem.c in Sources */,
				71C7B213130F340E004BF975 /* SDL_systhread.c in Sources */,
				71C7B214130F340E004BF975 /* SDL_thread.c in Sources */,
				A1A2073E13816B1D005EE84C /* externals.c in Sources */,
				5599696613AFCD7F00B0216B /* SDL_error.c in Sources */,
				5599696713AFCD7F00B0216B /* SDL_coreaudio.c in Sources */,
				5599696813AFCD8000B0216B /* SDL_audiotypecvt.c in Sources */,
				5599696913AFCD8100B0216B /* SDL_audiocvt.c in Sources */,
				5599696A13AFCD8100B0216B /* SDL_audio.c in Sources */,
				5599696B13AFCD8300B0216B /* SDL.c in Sources */,
				5599696D13AFCD9300B0216B /* sdl.c in Sources */,
			);
			runOnlyForDeploymentPostprocessing = 0;
		};
/* End PBXSourcesBuildPhase section */

/* Begin PBXVariantGroup section */
		5506635814AB91C100C7C565 /* Credits.rtf */ = {
			isa = PBXVariantGroup;
			children = (
				5506635914AB91C100C7C565 /* English */,
			);
			name = Credits.rtf;
			sourceTree = "<group>";
		};
		5506635A14AB91C100C7C565 /* InfoPlist.strings */ = {
			isa = PBXVariantGroup;
			children = (
				5506635B14AB91C100C7C565 /* English */,
			);
			name = InfoPlist.strings;
			sourceTree = "<group>";
		};
		5506635C14AB91C100C7C565 /* Localizable.strings */ = {
			isa = PBXVariantGroup;
			children = (
				5506635D14AB91C100C7C565 /* English */,
			);
			name = Localizable.strings;
			sourceTree = "<group>";
		};
		5506636114AB91C100C7C565 /* Credits.rtf */ = {
			isa = PBXVariantGroup;
			children = (
				5506636214AB91C100C7C565 /* English */,
			);
			name = Credits.rtf;
			sourceTree = "<group>";
		};
		5506636314AB91C100C7C565 /* InfoPlist.strings */ = {
			isa = PBXVariantGroup;
			children = (
				5506636414AB91C100C7C565 /* English */,
			);
			name = InfoPlist.strings;
			sourceTree = "<group>";
		};
		5506636514AB91C100C7C565 /* Localizable.strings */ = {
			isa = PBXVariantGroup;
			children = (
				5506636614AB91C100C7C565 /* English */,
			);
			name = Localizable.strings;
			sourceTree = "<group>";
		};
		5506636714AB91C100C7C565 /* NetSfPeopsSpuSDLPluginMain.xib */ = {
			isa = PBXVariantGroup;
			children = (
				5506636814AB91C100C7C565 /* English */,
			);
			name = NetSfPeopsSpuSDLPluginMain.xib;
			sourceTree = "<group>";
		};
		5506639814AB9E0300C7C565 /* NetSfPeopsSpuALPluginMain.xib */ = {
			isa = PBXVariantGroup;
			children = (
				5506639914AB9E0300C7C565 /* English */,
			);
			name = NetSfPeopsSpuALPluginMain.xib;
			sourceTree = "<group>";
		};
/* End PBXVariantGroup section */

/* Begin XCBuildConfiguration section */
		5599695C13AFCD2900B0216B /* Debug */ = {
			isa = XCBuildConfiguration;
			buildSettings = {
				COPY_PHASE_STRIP = NO;
				GCC_DYNAMIC_NO_PIC = NO;
				GCC_GENERATE_DEBUGGING_SYMBOLS = YES;
				GCC_OPTIMIZATION_LEVEL = 0;
				GCC_PREPROCESSOR_DEFINITIONS = (
					"PCSXRPLUG=ALsound",
					_MACOSX,
					USEOPENAL,
				);
				HEADER_SEARCH_PATHS = (
					src/,
					../../../plugins/dfsound,
				);
				INFOPLIST_FILE = "Info-AL.plist";
				INSTALL_PATH = "$(USER_LIBRARY_DIR)/Playstation Emulator Plugins";
				PRODUCT_NAME = PeopsSpuAL;
				SYMROOT = ../../build;
				WRAPPER_EXTENSION = psxplugin;
			};
			name = Debug;
		};
		5599695D13AFCD2900B0216B /* Release */ = {
			isa = XCBuildConfiguration;
			buildSettings = {
				COPY_PHASE_STRIP = YES;
				GCC_GENERATE_DEBUGGING_SYMBOLS = NO;
				GCC_OPTIMIZATION_LEVEL = s;
				GCC_PREPROCESSOR_DEFINITIONS = (
					"PCSXRPLUG=ALsound",
					_MACOSX,
					USEOPENAL,
				);
				HEADER_SEARCH_PATHS = (
					src/,
					../../../plugins/dfsound,
				);
				INFOPLIST_FILE = "Info-AL.plist";
				INSTALL_PATH = "$(USER_LIBRARY_DIR)/Playstation Emulator Plugins";
				PRODUCT_NAME = PeopsSpuAL;
				SYMROOT = ../../build;
				WRAPPER_EXTENSION = psxplugin;
			};
			name = Release;
		};
		71155B270FDFA2EB00EC0BC5 /* Debug */ = {
			isa = XCBuildConfiguration;
			buildSettings = {
				COPY_PHASE_STRIP = NO;
				GCC_DYNAMIC_NO_PIC = NO;
				GCC_GENERATE_DEBUGGING_SYMBOLS = YES;
				GCC_OPTIMIZATION_LEVEL = 0;
				GCC_PREPROCESSOR_DEFINITIONS = (
					"PCSXRPLUG=SPUSound",
					_MACOSX,
					USESDL,
					SDL_JOYSTICK_DISABLED,
				);
				HEADER_SEARCH_PATHS = (
					src/,
					../../../plugins/dfsound,
					../Common/SDL/include,
				);
				INFOPLIST_FILE = "Info-SDL.plist";
				INSTALL_PATH = "$(USER_LIBRARY_DIR)/Playstation Emulator Plugins";
				PRODUCT_NAME = PeopsSpuSDL;
				SYMROOT = ../../build;
				WRAPPER_EXTENSION = psxplugin;
			};
			name = Debug;
		};
		71155B290FDFA2EB00EC0BC5 /* Release */ = {
			isa = XCBuildConfiguration;
			buildSettings = {
				COPY_PHASE_STRIP = YES;
				GCC_GENERATE_DEBUGGING_SYMBOLS = NO;
				GCC_OPTIMIZATION_LEVEL = s;
				GCC_PREPROCESSOR_DEFINITIONS = (
					"PCSXRPLUG=SPUSound",
					_MACOSX,
					USESDL,
					SDL_JOYSTICK_DISABLED,
				);
				HEADER_SEARCH_PATHS = (
					src/,
					../../../plugins/dfsound,
					../Common/SDL/include,
				);
				INFOPLIST_FILE = "Info-SDL.plist";
				INSTALL_PATH = "$(USER_LIBRARY_DIR)/Playstation Emulator Plugins";
				PRODUCT_NAME = PeopsSpuSDL;
				SYMROOT = ../../build;
				WRAPPER_EXTENSION = psxplugin;
			};
			name = Release;
		};
		71155B2C0FDFA2EB00EC0BC5 /* Debug */ = {
			isa = XCBuildConfiguration;
			buildSettings = {
				ARCHS = "$(ARCHS_STANDARD_32_64_BIT)";
				GCC_OPTIMIZATION_LEVEL = 0;
				GCC_VERSION = com.apple.compilers.llvm.clang.1_0;
				MACOSX_DEPLOYMENT_TARGET = 10.6;
				ONLY_ACTIVE_ARCH = YES;
				SDKROOT = macosx10.6;
				SYMROOT = ../../build;
				VALID_ARCHS = "i386 x86_64";
			};
			name = Debug;
		};
		71155B2E0FDFA2EB00EC0BC5 /* Release */ = {
			isa = XCBuildConfiguration;
			buildSettings = {
				ARCHS = "$(ARCHS_STANDARD_32_64_BIT)";
				GCC_VERSION = com.apple.compilers.llvm.clang.1_0;
				MACOSX_DEPLOYMENT_TARGET = 10.6;
				SDKROOT = macosx10.6;
				SYMROOT = ../../build;
				VALID_ARCHS = "i386 x86_64";
			};
			name = Release;
		};
/* End XCBuildConfiguration section */

/* Begin XCConfigurationList section */
		5599695B13AFCD2900B0216B /* Build configuration list for PBXNativeTarget "PeopsSpuAL" */ = {
			isa = XCConfigurationList;
			buildConfigurations = (
				5599695C13AFCD2900B0216B /* Debug */,
				5599695D13AFCD2900B0216B /* Release */,
			);
			defaultConfigurationIsVisible = 0;
			defaultConfigurationName = Release;
		};
		71155B260FDFA2EB00EC0BC5 /* Build configuration list for PBXNativeTarget "PeopsSpuSDL" */ = {
			isa = XCConfigurationList;
			buildConfigurations = (
				71155B270FDFA2EB00EC0BC5 /* Debug */,
				71155B290FDFA2EB00EC0BC5 /* Release */,
			);
			defaultConfigurationIsVisible = 0;
			defaultConfigurationName = Release;
		};
		71155B2B0FDFA2EB00EC0BC5 /* Build configuration list for PBXProject "PeopsSPU" */ = {
			isa = XCConfigurationList;
			buildConfigurations = (
				71155B2C0FDFA2EB00EC0BC5 /* Debug */,
				71155B2E0FDFA2EB00EC0BC5 /* Release */,
			);
			defaultConfigurationIsVisible = 0;
			defaultConfigurationName = Release;
		};
/* End XCConfigurationList section */
	};
	rootObject = 089C1669FE841209C02AAC07 /* Project object */;
}
